
Microsoft Visual Studio Solution File, Format Version 12.00
# Visual Studio Version 17
VisualStudioVersion = 17.2.32519.379
MinimumVisualStudioVersion = 10.0.40219.1
Project("{FAE04EC0-301F-11D3-BF4B-00C04F79EFBC}") = "PriceSheetParser", "PriceSheetParser.csproj", "{0441F221-EC13-40D5-9EE8-511AB019DBF6}"
EndProject
Global
	GlobalSection(SolutionConfigurationPlatforms) = preSolution
		Debug|Any CPU = Debug|Any CPU
		Release|Any CPU = Release|Any CPU
	EndGlobalSection
	GlobalSection(ProjectConfigurationPlatforms) = postSolution
		{0441F221-EC13-40D5-9EE8-511AB019DBF6}.Debug|Any CPU.ActiveCfg = Debug|Any CPU
		{0441F221-EC13-40D5-9EE8-511AB019DBF6}.Debug|Any CPU.Build.0 = Debug|Any CPU
		{0441F221-EC13-40D5-9EE8-511AB019DBF6}.Release|Any CPU.ActiveCfg = Release|Any CPU
		{0441F221-EC13-40D5-9EE8-511AB019DBF6}.Release|Any CPU.Build.0 = Release|Any CPU
	EndGlobalSection
	GlobalSection(SolutionProperties) = preSolution
		HideSolutionNode = FALSE
	EndGlobalSection
	GlobalSection(ExtensibilityGlobals) = postSolution
		SolutionGuid = {257E28D1-94A4-448D-A1E8-AC197343599C}
	EndGlobalSection
EndGlobal
